
Microsoft Visual Studio Solution File, Format Version 12.00
# Visual Studio Version 17
VisualStudioVersion = 17.4.33122.133
MinimumVisualStudioVersion = 10.0.40219.1
Project("{FAE04EC0-301F-11D3-BF4B-00C04F79EFBC}") = "RibonPanel", "RibomPanel\RibonPanel.csproj", "{C0BE8DF1-D541-4084-8784-F579E56017BD}"
EndProject
Project("{2150E333-8FDC-42A3-9474-1A3956D46DE8}") = "00_General", "00_General", "{8E066053-1F0D-42BA-B3F4-3A71DEE2CB8E}"
EndProject
Project("{54435603-DBB4-11D2-8724-00A0C9A8B90C}") = "iAmBIM_Setup", "iAmBIM_Setup\iAmBIM_Setup.vdproj", "{EA665139-4292-4611-A6C7-2B0CDC8FE55D}"
EndProject
Project("{2150E333-8FDC-42A3-9474-1A3956D46DE8}") = "01_CDE", "01_CDE", "{942F7E23-6036-4647-8283-13DD73774D17}"
EndProject
Project("{FAE04EC0-301F-11D3-BF4B-00C04F79EFBC}") = "ShareProject", "ShareProject\ShareProject.csproj", "{75800B96-555E-412C-A1A0-12E084DA55F6}"
EndProject
Project("{2150E333-8FDC-42A3-9474-1A3956D46DE8}") = "02_BIM", "02_BIM", "{FFE4E403-72EA-47FF-ACE5-AFC639A12130}"
EndProject
Project("{2150E333-8FDC-42A3-9474-1A3956D46DE8}") = "03_ARCH", "03_ARCH", "{23167A71-E01B-4A01-A591-0B8574F3D9CE}"
EndProject
Project("{2150E333-8FDC-42A3-9474-1A3956D46DE8}") = "04_STRU", "04_STRU", "{D7AE3ECC-EC27-4284-B776-9EF102DD43ED}"
EndProject
Project("{2150E333-8FDC-42A3-9474-1A3956D46DE8}") = "05_MECH", "05_MECH", "{4BD27A14-BD08-42DA-B44C-B8F4E16FBB31}"
EndProject
Project("{2150E333-8FDC-42A3-9474-1A3956D46DE8}") = "06_ELEC", "06_ELEC", "{42D7C23F-B81D-4450-BA6E-F2B6374B2688}"
EndProject
Project("{2150E333-8FDC-42A3-9474-1A3956D46DE8}") = "07_PLUM", "07_PLUM", "{BBA1D5C4-6028-4D8A-8B60-A2A2B60BD4C8}"
EndProject
Project("{2150E333-8FDC-42A3-9474-1A3956D46DE8}") = "08_INFS", "08_INFS", "{4E7896DC-592C-4621-BBB6-582B217F7619}"
EndProject
Project("{2150E333-8FDC-42A3-9474-1A3956D46DE8}") = "09_TECH", "09_TECH", "{FE6FBAEE-CF4B-4007-86E3-2D5F85969484}"
EndProject
Project("{FAE04EC0-301F-11D3-BF4B-00C04F79EFBC}") = "ScheduleByAssembly", "ScheduleByAssembly\ScheduleByAssembly.csproj", "{52301207-D8E9-440B-A01B-EEE8D56511F7}"
EndProject
Project("{FAE04EC0-301F-11D3-BF4B-00C04F79EFBC}") = "FinishingSchedule", "FinishingSchedule\FinishingSchedule.csproj", "{44906E5F-84D3-46C9-A586-F48495850834}"
EndProject
Project("{FAE04EC0-301F-11D3-BF4B-00C04F79EFBC}") = "PipeConnect", "PipeConnect\PipeConnect.csproj", "{FFB504CA-EB92-4480-9027-90A16712F95D}"
EndProject
Project("{FAE04EC0-301F-11D3-BF4B-00C04F79EFBC}") = "RotateElements", "RotateElements\RotateElements.csproj", "{18F8925A-FBBC-4FFE-A369-BAF99AFD2C9D}"
EndProject
Project("{FAE04EC0-301F-11D3-BF4B-00C04F79EFBC}") = "AlignElements", "AlignElements\AlignElements.csproj", "{89E702C8-D137-4680-8A40-1BFECFE6289E}"
EndProject
Global
	GlobalSection(SolutionConfigurationPlatforms) = preSolution
		Debug|Any CPU = Debug|Any CPU
		Release|Any CPU = Release|Any CPU
	EndGlobalSection
	GlobalSection(ProjectConfigurationPlatforms) = postSolution
		{C0BE8DF1-D541-4084-8784-F579E56017BD}.Debug|Any CPU.ActiveCfg = Debug|Any CPU
		{C0BE8DF1-D541-4084-8784-F579E56017BD}.Debug|Any CPU.Build.0 = Debug|Any CPU
		{C0BE8DF1-D541-4084-8784-F579E56017BD}.Release|Any CPU.ActiveCfg = Release|Any CPU
		{C0BE8DF1-D541-4084-8784-F579E56017BD}.Release|Any CPU.Build.0 = Release|Any CPU
		{EA665139-4292-4611-A6C7-2B0CDC8FE55D}.Debug|Any CPU.ActiveCfg = Debug
		{EA665139-4292-4611-A6C7-2B0CDC8FE55D}.Release|Any CPU.ActiveCfg = Release
		{75800B96-555E-412C-A1A0-12E084DA55F6}.Debug|Any CPU.ActiveCfg = Debug|Any CPU
		{75800B96-555E-412C-A1A0-12E084DA55F6}.Debug|Any CPU.Build.0 = Debug|Any CPU
		{75800B96-555E-412C-A1A0-12E084DA55F6}.Release|Any CPU.ActiveCfg = Release|Any CPU
		{75800B96-555E-412C-A1A0-12E084DA55F6}.Release|Any CPU.Build.0 = Release|Any CPU
		{52301207-D8E9-440B-A01B-EEE8D56511F7}.Debug|Any CPU.ActiveCfg = Debug|Any CPU
		{52301207-D8E9-440B-A01B-EEE8D56511F7}.Debug|Any CPU.Build.0 = Debug|Any CPU
		{52301207-D8E9-440B-A01B-EEE8D56511F7}.Release|Any CPU.ActiveCfg = Release|Any CPU
		{52301207-D8E9-440B-A01B-EEE8D56511F7}.Release|Any CPU.Build.0 = Release|Any CPU
		{44906E5F-84D3-46C9-A586-F48495850834}.Debug|Any CPU.ActiveCfg = Debug|Any CPU
		{44906E5F-84D3-46C9-A586-F48495850834}.Debug|Any CPU.Build.0 = Debug|Any CPU
		{44906E5F-84D3-46C9-A586-F48495850834}.Release|Any CPU.ActiveCfg = Release|Any CPU
		{44906E5F-84D3-46C9-A586-F48495850834}.Release|Any CPU.Build.0 = Release|Any CPU
		{FFB504CA-EB92-4480-9027-90A16712F95D}.Debug|Any CPU.ActiveCfg = Debug|Any CPU
		{FFB504CA-EB92-4480-9027-90A16712F95D}.Debug|Any CPU.Build.0 = Debug|Any CPU
		{FFB504CA-EB92-4480-9027-90A16712F95D}.Release|Any CPU.ActiveCfg = Release|Any CPU
		{FFB504CA-EB92-4480-9027-90A16712F95D}.Release|Any CPU.Build.0 = Release|Any CPU
		{18F8925A-FBBC-4FFE-A369-BAF99AFD2C9D}.Debug|Any CPU.ActiveCfg = Debug|Any CPU
		{18F8925A-FBBC-4FFE-A369-BAF99AFD2C9D}.Debug|Any CPU.Build.0 = Debug|Any CPU
		{18F8925A-FBBC-4FFE-A369-BAF99AFD2C9D}.Release|Any CPU.ActiveCfg = Release|Any CPU
		{18F8925A-FBBC-4FFE-A369-BAF99AFD2C9D}.Release|Any CPU.Build.0 = Release|Any CPU
		{89E702C8-D137-4680-8A40-1BFECFE6289E}.Debug|Any CPU.ActiveCfg = Debug|Any CPU
		{89E702C8-D137-4680-8A40-1BFECFE6289E}.Debug|Any CPU.Build.0 = Debug|Any CPU
		{89E702C8-D137-4680-8A40-1BFECFE6289E}.Release|Any CPU.ActiveCfg = Release|Any CPU
		{89E702C8-D137-4680-8A40-1BFECFE6289E}.Release|Any CPU.Build.0 = Release|Any CPU
	EndGlobalSection
	GlobalSection(SolutionProperties) = preSolution
		HideSolutionNode = FALSE
	EndGlobalSection
	GlobalSection(NestedProjects) = preSolution
		{C0BE8DF1-D541-4084-8784-F579E56017BD} = {8E066053-1F0D-42BA-B3F4-3A71DEE2CB8E}
		{EA665139-4292-4611-A6C7-2B0CDC8FE55D} = {8E066053-1F0D-42BA-B3F4-3A71DEE2CB8E}
		{75800B96-555E-412C-A1A0-12E084DA55F6} = {942F7E23-6036-4647-8283-13DD73774D17}
		{52301207-D8E9-440B-A01B-EEE8D56511F7} = {FE6FBAEE-CF4B-4007-86E3-2D5F85969484}
		{44906E5F-84D3-46C9-A586-F48495850834} = {23167A71-E01B-4A01-A591-0B8574F3D9CE}
		{FFB504CA-EB92-4480-9027-90A16712F95D} = {FE6FBAEE-CF4B-4007-86E3-2D5F85969484}
		{18F8925A-FBBC-4FFE-A369-BAF99AFD2C9D} = {FE6FBAEE-CF4B-4007-86E3-2D5F85969484}
		{89E702C8-D137-4680-8A40-1BFECFE6289E} = {FE6FBAEE-CF4B-4007-86E3-2D5F85969484}
	EndGlobalSection
	GlobalSection(ExtensibilityGlobals) = postSolution
		SolutionGuid = {71A9312B-A3DC-4F79-B1B1-68EBB65A6771}
	EndGlobalSection
EndGlobal
